// !$*UTF8*$!
{
	archiveVersion = 1;
	classes = {
	};
	objectVersion = 46;
	objects = {

/* Begin PBXBuildFile section */
		3A7AA0B21C577E9F00C45A2A /* OpenGL.framework in Frameworks */ = {isa = PBXBuildFile; fileRef = 3A7AA0B11C577E9F00C45A2A /* OpenGL.framework */; };
		3AC1547B1C85994500FBE71C /* libz.1.2.5.dylib in Frameworks */ = {isa = PBXBuildFile; fileRef = 3AC1547A1C85994500FBE71C /* libz.1.2.5.dylib */; };
		92677A7D1C5665F900899024 /* main.cpp in Sources */ = {isa = PBXBuildFile; fileRef = 92677A7C1C5665F900899024 /* main.cpp */; };
		92E3453E1C639EAC00308A63 /* Logger.hpp in Sources */ = {isa = PBXBuildFile; fileRef = 92E3453C1C6393D200308A63 /* Logger.hpp */; };
		92E345411C64E04A00308A63 /* Log.cpp in Sources */ = {isa = PBXBuildFile; fileRef = 92E345401C64E04A00308A63 /* Log.cpp */; };
		9C222D591CA491C7003C1DC5 /* GLGpuBuffer.cpp in Sources */ = {isa = PBXBuildFile; fileRef = 9C222D581CA491C7003C1DC5 /* GLGpuBuffer.cpp */; settings = {ASSET_TAGS = (); }; };
		9C222D5A1CA491C7003C1DC5 /* GLGpuBuffer.cpp in Sources */ = {isa = PBXBuildFile; fileRef = 9C222D581CA491C7003C1DC5 /* GLGpuBuffer.cpp */; settings = {ASSET_TAGS = (); }; };
		9C470C291C7F849F00558755 /* libz.1.2.5.tbd in Frameworks */ = {isa = PBXBuildFile; fileRef = 9C470C281C7F849F00558755 /* libz.1.2.5.tbd */; };
		9C777FC11C84E2BF005C48A5 /* OpenGL.framework in Frameworks */ = {isa = PBXBuildFile; fileRef = 3A7AA0B11C577E9F00C45A2A /* OpenGL.framework */; };
		9C7D08271C9EC0C500804DF1 /* Button.cpp in Sources */ = {isa = PBXBuildFile; fileRef = 9C7D08221C9EC0C500804DF1 /* Button.cpp */; };
		9C7D08281C9EC0C500804DF1 /* Button.cpp in Sources */ = {isa = PBXBuildFile; fileRef = 9C7D08221C9EC0C500804DF1 /* Button.cpp */; };
		9C7D082B1C9EC0C500804DF1 /* Text.cpp in Sources */ = {isa = PBXBuildFile; fileRef = 9C7D08241C9EC0C500804DF1 /* Text.cpp */; };
		9C7D082C1C9EC0C500804DF1 /* Text.cpp in Sources */ = {isa = PBXBuildFile; fileRef = 9C7D08241C9EC0C500804DF1 /* Text.cpp */; };
		9C7D082D1C9EC0C500804DF1 /* TextList.cpp in Sources */ = {isa = PBXBuildFile; fileRef = 9C7D08251C9EC0C500804DF1 /* TextList.cpp */; };
		9C7D082E1C9EC0C500804DF1 /* TextList.cpp in Sources */ = {isa = PBXBuildFile; fileRef = 9C7D08251C9EC0C500804DF1 /* TextList.cpp */; };
		9C7D082F1C9EC0C500804DF1 /* UIComponent.cpp in Sources */ = {isa = PBXBuildFile; fileRef = 9C7D08261C9EC0C500804DF1 /* UIComponent.cpp */; };
		9C7D08301C9EC0C500804DF1 /* UIComponent.cpp in Sources */ = {isa = PBXBuildFile; fileRef = 9C7D08261C9EC0C500804DF1 /* UIComponent.cpp */; };
		9C7D08331C9EC57600804DF1 /* HorizontalLayout.cpp in Sources */ = {isa = PBXBuildFile; fileRef = 9C7D08311C9EC57600804DF1 /* HorizontalLayout.cpp */; };
		9C7D08341C9EC57600804DF1 /* HorizontalLayout.cpp in Sources */ = {isa = PBXBuildFile; fileRef = 9C7D08311C9EC57600804DF1 /* HorizontalLayout.cpp */; };
		9C7D08351C9EC57600804DF1 /* VerticalLayout.cpp in Sources */ = {isa = PBXBuildFile; fileRef = 9C7D08321C9EC57600804DF1 /* VerticalLayout.cpp */; };
		9C7D08361C9EC57600804DF1 /* VerticalLayout.cpp in Sources */ = {isa = PBXBuildFile; fileRef = 9C7D08321C9EC57600804DF1 /* VerticalLayout.cpp */; };
		9C7D083B1C9EC63A00804DF1 /* Layout.cpp in Sources */ = {isa = PBXBuildFile; fileRef = 9C7D083A1C9EC63A00804DF1 /* Layout.cpp */; };
		9C7D083C1C9EC63A00804DF1 /* Layout.cpp in Sources */ = {isa = PBXBuildFile; fileRef = 9C7D083A1C9EC63A00804DF1 /* Layout.cpp */; };
		9C80752D1CA1D1C80052086F /* HorizontalLayoutTest.cpp in Sources */ = {isa = PBXBuildFile; fileRef = 9C8075291CA1D1C80052086F /* HorizontalLayoutTest.cpp */; };
		9C80752E1CA1D1C80052086F /* LayoutTest.cpp in Sources */ = {isa = PBXBuildFile; fileRef = 9C80752A1CA1D1C80052086F /* LayoutTest.cpp */; };
		9C80752F1CA1D1C80052086F /* UIComponentTest.cpp in Sources */ = {isa = PBXBuildFile; fileRef = 9C80752B1CA1D1C80052086F /* UIComponentTest.cpp */; };
		9C8075301CA1D1C80052086F /* VerticalLayoutTest.cpp in Sources */ = {isa = PBXBuildFile; fileRef = 9C80752C1CA1D1C80052086F /* VerticalLayoutTest.cpp */; };
		9C80753D1CA1D1DF0052086F /* Texture.cpp in Sources */ = {isa = PBXBuildFile; fileRef = AB6398D81C8CE49500CA0B3B /* Texture.cpp */; };
		9C80753F1CA1D5520052086F /* libz.1.2.5.tbd in Frameworks */ = {isa = PBXBuildFile; fileRef = 9C470C281C7F849F00558755 /* libz.1.2.5.tbd */; };
		9C8075401CA1D6510052086F /* Material.cpp in Sources */ = {isa = PBXBuildFile; fileRef = AB6398D31C8CE49500CA0B3B /* Material.cpp */; };
		9C8075411CA1D6510052086F /* Mesh.cpp in Sources */ = {isa = PBXBuildFile; fileRef = AB6398D41C8CE49500CA0B3B /* Mesh.cpp */; };
		9C8075421CA1D6730052086F /* Event.cpp in Sources */ = {isa = PBXBuildFile; fileRef = AB6398D11C8CE49500CA0B3B /* Event.cpp */; };
		9C8075431CA1D68B0052086F /* Renderer.cpp in Sources */ = {isa = PBXBuildFile; fileRef = AB6398D61C8CE49500CA0B3B /* Renderer.cpp */; };
		9C8075441CA1D6A70052086F /* Scene.cpp in Sources */ = {isa = PBXBuildFile; fileRef = AB6398CB1C8CE48400CA0B3B /* Scene.cpp */; };
		9C8075451CA1D6A70052086F /* Node.cpp in Sources */ = {isa = PBXBuildFile; fileRef = AB6398D51C8CE49500CA0B3B /* Node.cpp */; };
		9C8075461CA1D6A70052086F /* Shader.cpp in Sources */ = {isa = PBXBuildFile; fileRef = AB6398D71C8CE49500CA0B3B /* Shader.cpp */; };
		9C8075471CA1D6A70052086F /* Window.cpp in Sources */ = {isa = PBXBuildFile; fileRef = AB6398D91C8CE49500CA0B3B /* Window.cpp */; };
		9C8075481CA1D6A70052086F /* Log.cpp in Sources */ = {isa = PBXBuildFile; fileRef = 92E345401C64E04A00308A63 /* Log.cpp */; };
		9C80754B1CA1FC5D0052086F /* LightNode.cpp in Sources */ = {isa = PBXBuildFile; fileRef = 9C80754A1CA1FC5D0052086F /* LightNode.cpp */; };
		9C80754C1CA1FC5D0052086F /* LightNode.cpp in Sources */ = {isa = PBXBuildFile; fileRef = 9C80754A1CA1FC5D0052086F /* LightNode.cpp */; };
		9C80754E1CA313130052086F /* Buffer.cpp in Sources */ = {isa = PBXBuildFile; fileRef = 9C80754D1CA313130052086F /* Buffer.cpp */; };
		9C80754F1CA313130052086F /* Buffer.cpp in Sources */ = {isa = PBXBuildFile; fileRef = 9C80754D1CA313130052086F /* Buffer.cpp */; };
		9C8075571CA31ED60052086F /* BufferTest.cpp in Sources */ = {isa = PBXBuildFile; fileRef = 9C8075561CA31ED60052086F /* BufferTest.cpp */; };
		9CB3200C1CA725D90058482C /* PngTextureLoader.cpp in Sources */ = {isa = PBXBuildFile; fileRef = 9CB3200B1CA725D90058482C /* PngTextureLoader.cpp */; settings = {ASSET_TAGS = (); }; };
		9CB3200D1CA725D90058482C /* PngTextureLoader.cpp in Sources */ = {isa = PBXBuildFile; fileRef = 9CB3200B1CA725D90058482C /* PngTextureLoader.cpp */; settings = {ASSET_TAGS = (); }; };
		9CB320121CA735E00058482C /* GLGpuTexture.cpp in Sources */ = {isa = PBXBuildFile; fileRef = 9CB320111CA735E00058482C /* GLGpuTexture.cpp */; settings = {ASSET_TAGS = (); }; };
		9CB320131CA735E00058482C /* GLGpuTexture.cpp in Sources */ = {isa = PBXBuildFile; fileRef = 9CB320111CA735E00058482C /* GLGpuTexture.cpp */; settings = {ASSET_TAGS = (); }; };
		9CCB2FA91C82F92D0066C313 /* main.cpp in Sources */ = {isa = PBXBuildFile; fileRef = 9CCB2FA81C82F92D0066C313 /* main.cpp */; };
		9CCB2FAF1C82F95E0066C313 /* gtest.framework in Frameworks */ = {isa = PBXBuildFile; fileRef = 9CCB2F9D1C82F7FE0066C313 /* gtest.framework */; };
		9CCB2FB01C82F96C0066C313 /* gmock.framework in Frameworks */ = {isa = PBXBuildFile; fileRef = 9CCB2F9F1C82F8790066C313 /* gmock.framework */; };
		AB6398CC1C8CE48400CA0B3B /* GameScene.cpp in Sources */ = {isa = PBXBuildFile; fileRef = AB6398C91C8CE48400CA0B3B /* GameScene.cpp */; };
		AB6398CD1C8CE48400CA0B3B /* RenderScene.cpp in Sources */ = {isa = PBXBuildFile; fileRef = AB6398CA1C8CE48400CA0B3B /* RenderScene.cpp */; };
		AB6398CE1C8CE48400CA0B3B /* Scene.cpp in Sources */ = {isa = PBXBuildFile; fileRef = AB6398CB1C8CE48400CA0B3B /* Scene.cpp */; };
		AB6398DA1C8CE49500CA0B3B /* Camera.cpp in Sources */ = {isa = PBXBuildFile; fileRef = AB6398CF1C8CE49500CA0B3B /* Camera.cpp */; };
		AB6398DB1C8CE49500CA0B3B /* Engine.cpp in Sources */ = {isa = PBXBuildFile; fileRef = AB6398D01C8CE49500CA0B3B /* Engine.cpp */; };
		AB6398DC1C8CE49500CA0B3B /* Event.cpp in Sources */ = {isa = PBXBuildFile; fileRef = AB6398D11C8CE49500CA0B3B /* Event.cpp */; };
		AB6398DD1C8CE49500CA0B3B /* GLFWInputHandler.cpp in Sources */ = {isa = PBXBuildFile; fileRef = AB6398D21C8CE49500CA0B3B /* GLFWInputHandler.cpp */; };
		AB6398DE1C8CE49500CA0B3B /* Material.cpp in Sources */ = {isa = PBXBuildFile; fileRef = AB6398D31C8CE49500CA0B3B /* Material.cpp */; };
		AB6398DF1C8CE49500CA0B3B /* Mesh.cpp in Sources */ = {isa = PBXBuildFile; fileRef = AB6398D41C8CE49500CA0B3B /* Mesh.cpp */; };
		AB6398E01C8CE49500CA0B3B /* Node.cpp in Sources */ = {isa = PBXBuildFile; fileRef = AB6398D51C8CE49500CA0B3B /* Node.cpp */; };
		AB6398E11C8CE49500CA0B3B /* Renderer.cpp in Sources */ = {isa = PBXBuildFile; fileRef = AB6398D61C8CE49500CA0B3B /* Renderer.cpp */; };
		AB6398E21C8CE49500CA0B3B /* Shader.cpp in Sources */ = {isa = PBXBuildFile; fileRef = AB6398D71C8CE49500CA0B3B /* Shader.cpp */; };
		AB6398E31C8CE49500CA0B3B /* Texture.cpp in Sources */ = {isa = PBXBuildFile; fileRef = AB6398D81C8CE49500CA0B3B /* Texture.cpp */; };
		AB6398E41C8CE49500CA0B3B /* Window.cpp in Sources */ = {isa = PBXBuildFile; fileRef = AB6398D91C8CE49500CA0B3B /* Window.cpp */; };
/* End PBXBuildFile section */

/* Begin PBXCopyFilesBuildPhase section */
		92677A771C5665F900899024 /* CopyFiles */ = {
			isa = PBXCopyFilesBuildPhase;
			buildActionMask = 2147483647;
			dstPath = /usr/share/man/man1/;
			dstSubfolderSpec = 0;
			files = (
			);
			runOnlyForDeploymentPostprocessing = 1;
		};
		9CCB2FA41C82F92D0066C313 /* CopyFiles */ = {
			isa = PBXCopyFilesBuildPhase;
			buildActionMask = 2147483647;
			dstPath = /usr/share/man/man1/;
			dstSubfolderSpec = 0;
			files = (
			);
			runOnlyForDeploymentPostprocessing = 1;
		};
/* End PBXCopyFilesBuildPhase section */

/* Begin PBXFileReference section */
		3A7AA0B11C577E9F00C45A2A /* OpenGL.framework */ = {isa = PBXFileReference; lastKnownFileType = wrapper.framework; name = OpenGL.framework; path = System/Library/Frameworks/OpenGL.framework; sourceTree = SDKROOT; };
		3AC1547A1C85994500FBE71C /* libz.1.2.5.dylib */ = {isa = PBXFileReference; lastKnownFileType = "compiled.mach-o.dylib"; name = libz.1.2.5.dylib; path = usr/lib/libz.1.2.5.dylib; sourceTree = SDKROOT; };
		92677A791C5665F900899024 /* Dominus */ = {isa = PBXFileReference; explicitFileType = "compiled.mach-o.executable"; includeInIndex = 0; path = Dominus; sourceTree = BUILT_PRODUCTS_DIR; };
		92677A7C1C5665F900899024 /* main.cpp */ = {isa = PBXFileReference; lastKnownFileType = sourcecode.cpp.cpp; path = main.cpp; sourceTree = "<group>"; };
		92E3453C1C6393D200308A63 /* Logger.hpp */ = {isa = PBXFileReference; lastKnownFileType = sourcecode.cpp.h; name = Logger.hpp; path = Headers/Core/Log/Logger.hpp; sourceTree = "<group>"; };
		92E3453F1C64CCE700308A63 /* LoggerTerminal.hpp */ = {isa = PBXFileReference; fileEncoding = 4; lastKnownFileType = sourcecode.cpp.h; name = LoggerTerminal.hpp; path = Headers/Core/Log/LoggerTerminal.hpp; sourceTree = "<group>"; };
		92E345401C64E04A00308A63 /* Log.cpp */ = {isa = PBXFileReference; fileEncoding = 4; lastKnownFileType = sourcecode.cpp.cpp; name = Log.cpp; path = Core/Log/Log.cpp; sourceTree = "<group>"; };
		9C222D541CA47500003C1DC5 /* GpuBuffer.h */ = {isa = PBXFileReference; lastKnownFileType = sourcecode.c.h; name = GpuBuffer.h; path = Headers/Core/Engine/GpuBuffer.h; sourceTree = "<group>"; };
		9C222D561CA49071003C1DC5 /* MockGPUBuffer.h */ = {isa = PBXFileReference; lastKnownFileType = sourcecode.c.h; path = MockGPUBuffer.h; sourceTree = "<group>"; };
		9C222D571CA49198003C1DC5 /* GLGpuBuffer.h */ = {isa = PBXFileReference; lastKnownFileType = sourcecode.c.h; name = GLGpuBuffer.h; path = Headers/Core/Engine/GLGpuBuffer.h; sourceTree = "<group>"; };
		9C222D581CA491C7003C1DC5 /* GLGpuBuffer.cpp */ = {isa = PBXFileReference; fileEncoding = 4; lastKnownFileType = sourcecode.cpp.cpp; name = GLGpuBuffer.cpp; path = Core/Engine/GLGpuBuffer.cpp; sourceTree = "<group>"; };
		9C470C281C7F849F00558755 /* libz.1.2.5.tbd */ = {isa = PBXFileReference; lastKnownFileType = "sourcecode.text-based-dylib-definition"; name = libz.1.2.5.tbd; path = usr/lib/libz.1.2.5.tbd; sourceTree = SDKROOT; };
		9C7D081A1C9EC06600804DF1 /* Button.h */ = {isa = PBXFileReference; lastKnownFileType = sourcecode.c.h; name = Button.h; path = Headers/Core/Engine/Button.h; sourceTree = "<group>"; };
		9C7D081B1C9EC06600804DF1 /* Frame.h */ = {isa = PBXFileReference; lastKnownFileType = sourcecode.c.h; name = Frame.h; path = Headers/Core/Engine/Frame.h; sourceTree = "<group>"; };
		9C7D081D1C9EC06600804DF1 /* OnItemClickedListener.h */ = {isa = PBXFileReference; lastKnownFileType = sourcecode.c.h; name = OnItemClickedListener.h; path = Headers/Core/Engine/OnItemClickedListener.h; sourceTree = "<group>"; };
		9C7D081E1C9EC06600804DF1 /* Params.h */ = {isa = PBXFileReference; lastKnownFileType = sourcecode.c.h; name = Params.h; path = Headers/Core/Engine/Params.h; sourceTree = "<group>"; };
		9C7D081F1C9EC06600804DF1 /* Text.h */ = {isa = PBXFileReference; lastKnownFileType = sourcecode.c.h; name = Text.h; path = Headers/Core/Engine/Text.h; sourceTree = "<group>"; };
		9C7D08201C9EC06600804DF1 /* TextList.h */ = {isa = PBXFileReference; lastKnownFileType = sourcecode.c.h; name = TextList.h; path = Headers/Core/Engine/TextList.h; sourceTree = "<group>"; };
		9C7D08211C9EC06600804DF1 /* UIComponent.h */ = {isa = PBXFileReference; lastKnownFileType = sourcecode.c.h; name = UIComponent.h; path = Headers/Core/Engine/UIComponent.h; sourceTree = "<group>"; };
		9C7D08221C9EC0C500804DF1 /* Button.cpp */ = {isa = PBXFileReference; fileEncoding = 4; lastKnownFileType = sourcecode.cpp.cpp; name = Button.cpp; path = Core/Engine/Button.cpp; sourceTree = "<group>"; };
		9C7D08241C9EC0C500804DF1 /* Text.cpp */ = {isa = PBXFileReference; fileEncoding = 4; lastKnownFileType = sourcecode.cpp.cpp; name = Text.cpp; path = Core/Engine/Text.cpp; sourceTree = "<group>"; };
		9C7D08251C9EC0C500804DF1 /* TextList.cpp */ = {isa = PBXFileReference; fileEncoding = 4; lastKnownFileType = sourcecode.cpp.cpp; name = TextList.cpp; path = Core/Engine/TextList.cpp; sourceTree = "<group>"; };
		9C7D08261C9EC0C500804DF1 /* UIComponent.cpp */ = {isa = PBXFileReference; fileEncoding = 4; lastKnownFileType = sourcecode.cpp.cpp; name = UIComponent.cpp; path = Core/Engine/UIComponent.cpp; sourceTree = "<group>"; };
		9C7D08311C9EC57600804DF1 /* HorizontalLayout.cpp */ = {isa = PBXFileReference; fileEncoding = 4; lastKnownFileType = sourcecode.cpp.cpp; name = HorizontalLayout.cpp; path = Core/Engine/HorizontalLayout.cpp; sourceTree = "<group>"; };
		9C7D08321C9EC57600804DF1 /* VerticalLayout.cpp */ = {isa = PBXFileReference; fileEncoding = 4; lastKnownFileType = sourcecode.cpp.cpp; name = VerticalLayout.cpp; path = Core/Engine/VerticalLayout.cpp; sourceTree = "<group>"; };
		9C7D08371C9EC5FB00804DF1 /* HorizontalLayout.h */ = {isa = PBXFileReference; lastKnownFileType = sourcecode.c.h; name = HorizontalLayout.h; path = Headers/Core/Engine/HorizontalLayout.h; sourceTree = "<group>"; };
		9C7D08381C9EC5FB00804DF1 /* VerticalLayout.h */ = {isa = PBXFileReference; lastKnownFileType = sourcecode.c.h; name = VerticalLayout.h; path = Headers/Core/Engine/VerticalLayout.h; sourceTree = "<group>"; };
		9C7D08391C9EC61500804DF1 /* Layout.h */ = {isa = PBXFileReference; lastKnownFileType = sourcecode.c.h; name = Layout.h; path = Headers/Core/Engine/Layout.h; sourceTree = "<group>"; };
		9C7D083A1C9EC63A00804DF1 /* Layout.cpp */ = {isa = PBXFileReference; fileEncoding = 4; lastKnownFileType = sourcecode.cpp.cpp; name = Layout.cpp; path = Core/Engine/Layout.cpp; sourceTree = "<group>"; };
		9C8075291CA1D1C80052086F /* HorizontalLayoutTest.cpp */ = {isa = PBXFileReference; fileEncoding = 4; lastKnownFileType = sourcecode.cpp.cpp; path = HorizontalLayoutTest.cpp; sourceTree = "<group>"; };
		9C80752A1CA1D1C80052086F /* LayoutTest.cpp */ = {isa = PBXFileReference; fileEncoding = 4; lastKnownFileType = sourcecode.cpp.cpp; path = LayoutTest.cpp; sourceTree = "<group>"; };
		9C80752B1CA1D1C80052086F /* UIComponentTest.cpp */ = {isa = PBXFileReference; fileEncoding = 4; lastKnownFileType = sourcecode.cpp.cpp; path = UIComponentTest.cpp; sourceTree = "<group>"; };
		9C80752C1CA1D1C80052086F /* VerticalLayoutTest.cpp */ = {isa = PBXFileReference; fileEncoding = 4; lastKnownFileType = sourcecode.cpp.cpp; path = VerticalLayoutTest.cpp; sourceTree = "<group>"; };
		9C8075491CA1FC370052086F /* LightNode.h */ = {isa = PBXFileReference; lastKnownFileType = sourcecode.c.h; name = LightNode.h; path = Headers/Core/Engine/LightNode.h; sourceTree = "<group>"; };
		9C80754A1CA1FC5D0052086F /* LightNode.cpp */ = {isa = PBXFileReference; fileEncoding = 4; lastKnownFileType = sourcecode.cpp.cpp; name = LightNode.cpp; path = Core/Engine/LightNode.cpp; sourceTree = "<group>"; };
		9C80754D1CA313130052086F /* Buffer.cpp */ = {isa = PBXFileReference; fileEncoding = 4; lastKnownFileType = sourcecode.cpp.cpp; name = Buffer.cpp; path = Core/Engine/Buffer.cpp; sourceTree = "<group>"; };
		9C8075501CA313250052086F /* Buffer.h */ = {isa = PBXFileReference; lastKnownFileType = sourcecode.c.h; name = Buffer.h; path = Headers/Core/Engine/Buffer.h; sourceTree = "<group>"; };
		9C8075561CA31ED60052086F /* BufferTest.cpp */ = {isa = PBXFileReference; fileEncoding = 4; lastKnownFileType = sourcecode.cpp.cpp; path = BufferTest.cpp; sourceTree = "<group>"; };
		9C922E851C975F9D00D66C8F /* assets */ = {isa = PBXFileReference; lastKnownFileType = folder; path = assets; sourceTree = "<group>"; };
		9CB320091CA724370058482C /* TextureLoader.h */ = {isa = PBXFileReference; lastKnownFileType = sourcecode.c.h; name = TextureLoader.h; path = Headers/Core/Engine/TextureLoader.h; sourceTree = "<group>"; };
		9CB3200A1CA725C10058482C /* PngTextureLoader.h */ = {isa = PBXFileReference; lastKnownFileType = sourcecode.c.h; name = PngTextureLoader.h; path = Headers/Core/Engine/PngTextureLoader.h; sourceTree = "<group>"; };
		9CB3200B1CA725D90058482C /* PngTextureLoader.cpp */ = {isa = PBXFileReference; fileEncoding = 4; lastKnownFileType = sourcecode.cpp.cpp; name = PngTextureLoader.cpp; path = Core/Engine/PngTextureLoader.cpp; sourceTree = "<group>"; };
		9CB3200E1CA727A40058482C /* Exception.h */ = {isa = PBXFileReference; lastKnownFileType = sourcecode.c.h; name = Exception.h; path = Headers/Core/Engine/Exception.h; sourceTree = "<group>"; };
		9CB3200F1CA735700058482C /* GpuTexture.h */ = {isa = PBXFileReference; lastKnownFileType = sourcecode.c.h; name = GpuTexture.h; path = Headers/Core/Engine/GpuTexture.h; sourceTree = "<group>"; };
		9CB320101CA735C50058482C /* GLGpuTexture.h */ = {isa = PBXFileReference; lastKnownFileType = sourcecode.c.h; name = GLGpuTexture.h; path = Headers/Core/Engine/GLGpuTexture.h; sourceTree = "<group>"; };
		9CB320111CA735E00058482C /* GLGpuTexture.cpp */ = {isa = PBXFileReference; fileEncoding = 4; lastKnownFileType = sourcecode.cpp.cpp; name = GLGpuTexture.cpp; path = Core/Engine/GLGpuTexture.cpp; sourceTree = "<group>"; };
		9CCB2F9D1C82F7FE0066C313 /* gtest.framework */ = {isa = PBXFileReference; lastKnownFileType = wrapper.framework; name = gtest.framework; path = ../../../../Library/Frameworks/gtest.framework; sourceTree = "<group>"; };
		9CCB2F9F1C82F8790066C313 /* gmock.framework */ = {isa = PBXFileReference; lastKnownFileType = wrapper.framework; name = gmock.framework; path = ../../../../Library/Frameworks/gmock.framework; sourceTree = "<group>"; };
		9CCB2FA61C82F92D0066C313 /* UnitTest */ = {isa = PBXFileReference; explicitFileType = "compiled.mach-o.executable"; includeInIndex = 0; path = UnitTest; sourceTree = BUILT_PRODUCTS_DIR; };
		9CCB2FA81C82F92D0066C313 /* main.cpp */ = {isa = PBXFileReference; lastKnownFileType = sourcecode.cpp.cpp; path = main.cpp; sourceTree = "<group>"; };
		9CCB2FB31C82FFA60066C313 /* main.cpp */ = {isa = PBXFileReference; fileEncoding = 4; lastKnownFileType = sourcecode.cpp.cpp; name = main.cpp; path = UnitTest/main.cpp; sourceTree = "<group>"; };
		AB628D511C67796A00929E54 /* LoggerFile.hpp */ = {isa = PBXFileReference; fileEncoding = 4; lastKnownFileType = sourcecode.cpp.h; name = LoggerFile.hpp; path = Headers/Core/Log/LoggerFile.hpp; sourceTree = "<group>"; };
		AB6398B91C8CE42300CA0B3B /* GameScene.h */ = {isa = PBXFileReference; fileEncoding = 4; lastKnownFileType = sourcecode.c.h; name = GameScene.h; path = Headers/Core/Scenes/GameScene.h; sourceTree = "<group>"; };
		AB6398BA1C8CE42300CA0B3B /* RenderScene.h */ = {isa = PBXFileReference; fileEncoding = 4; lastKnownFileType = sourcecode.c.h; name = RenderScene.h; path = Headers/Core/Scenes/RenderScene.h; sourceTree = "<group>"; };
		AB6398BB1C8CE43400CA0B3B /* Camera.h */ = {isa = PBXFileReference; fileEncoding = 4; lastKnownFileType = sourcecode.c.h; name = Camera.h; path = Headers/Core/Engine/Camera.h; sourceTree = "<group>"; };
		AB6398BC1C8CE43400CA0B3B /* Engine.h */ = {isa = PBXFileReference; fileEncoding = 4; lastKnownFileType = sourcecode.c.h; name = Engine.h; path = Headers/Core/Engine/Engine.h; sourceTree = "<group>"; };
		AB6398BD1C8CE43400CA0B3B /* Event.h */ = {isa = PBXFileReference; fileEncoding = 4; lastKnownFileType = sourcecode.c.h; name = Event.h; path = Headers/Core/Engine/Event.h; sourceTree = "<group>"; };
		AB6398BE1C8CE43400CA0B3B /* GLFWInputHandler.h */ = {isa = PBXFileReference; fileEncoding = 4; lastKnownFileType = sourcecode.c.h; name = GLFWInputHandler.h; path = Headers/Core/Engine/GLFWInputHandler.h; sourceTree = "<group>"; };
		AB6398BF1C8CE43400CA0B3B /* INode.h */ = {isa = PBXFileReference; fileEncoding = 4; lastKnownFileType = sourcecode.c.h; name = INode.h; path = Headers/Core/Engine/INode.h; sourceTree = "<group>"; };
		AB6398C01C8CE43400CA0B3B /* InputHandler.h */ = {isa = PBXFileReference; fileEncoding = 4; lastKnownFileType = sourcecode.c.h; name = InputHandler.h; path = Headers/Core/Engine/InputHandler.h; sourceTree = "<group>"; };
		AB6398C11C8CE43400CA0B3B /* Material.hpp */ = {isa = PBXFileReference; fileEncoding = 4; lastKnownFileType = sourcecode.cpp.h; name = Material.hpp; path = Headers/Core/Engine/Material.hpp; sourceTree = "<group>"; };
		AB6398C21C8CE43400CA0B3B /* Mesh.hpp */ = {isa = PBXFileReference; fileEncoding = 4; lastKnownFileType = sourcecode.cpp.h; name = Mesh.hpp; path = Headers/Core/Engine/Mesh.hpp; sourceTree = "<group>"; };
		AB6398C31C8CE43400CA0B3B /* Node.hpp */ = {isa = PBXFileReference; fileEncoding = 4; lastKnownFileType = sourcecode.cpp.h; name = Node.hpp; path = Headers/Core/Engine/Node.hpp; sourceTree = "<group>"; };
		AB6398C41C8CE43400CA0B3B /* Renderer.h */ = {isa = PBXFileReference; fileEncoding = 4; lastKnownFileType = sourcecode.c.h; name = Renderer.h; path = Headers/Core/Engine/Renderer.h; sourceTree = "<group>"; };
		AB6398C51C8CE43400CA0B3B /* Scene.h */ = {isa = PBXFileReference; fileEncoding = 4; lastKnownFileType = sourcecode.c.h; name = Scene.h; path = Headers/Core/Engine/Scene.h; sourceTree = "<group>"; };
		AB6398C61C8CE43400CA0B3B /* Shader.h */ = {isa = PBXFileReference; fileEncoding = 4; lastKnownFileType = sourcecode.c.h; name = Shader.h; path = Headers/Core/Engine/Shader.h; sourceTree = "<group>"; };
		AB6398C71C8CE43400CA0B3B /* Texture.h */ = {isa = PBXFileReference; fileEncoding = 4; lastKnownFileType = sourcecode.c.h; name = Texture.h; path = Headers/Core/Engine/Texture.h; sourceTree = "<group>"; };
		AB6398C81C8CE43400CA0B3B /* Window.h */ = {isa = PBXFileReference; fileEncoding = 4; lastKnownFileType = sourcecode.c.h; name = Window.h; path = Headers/Core/Engine/Window.h; sourceTree = "<group>"; };
		AB6398C91C8CE48400CA0B3B /* GameScene.cpp */ = {isa = PBXFileReference; fileEncoding = 4; lastKnownFileType = sourcecode.cpp.cpp; name = GameScene.cpp; path = Core/Scenes/GameScene.cpp; sourceTree = "<group>"; };
		AB6398CA1C8CE48400CA0B3B /* RenderScene.cpp */ = {isa = PBXFileReference; fileEncoding = 4; lastKnownFileType = sourcecode.cpp.cpp; name = RenderScene.cpp; path = Core/Scenes/RenderScene.cpp; sourceTree = "<group>"; };
		AB6398CB1C8CE48400CA0B3B /* Scene.cpp */ = {isa = PBXFileReference; fileEncoding = 4; lastKnownFileType = sourcecode.cpp.cpp; name = Scene.cpp; path = Core/Scenes/Scene.cpp; sourceTree = "<group>"; };
		AB6398CF1C8CE49500CA0B3B /* Camera.cpp */ = {isa = PBXFileReference; fileEncoding = 4; lastKnownFileType = sourcecode.cpp.cpp; name = Camera.cpp; path = Core/Engine/Camera.cpp; sourceTree = "<group>"; };
		AB6398D01C8CE49500CA0B3B /* Engine.cpp */ = {isa = PBXFileReference; fileEncoding = 4; lastKnownFileType = sourcecode.cpp.cpp; name = Engine.cpp; path = Core/Engine/Engine.cpp; sourceTree = "<group>"; };
		AB6398D11C8CE49500CA0B3B /* Event.cpp */ = {isa = PBXFileReference; fileEncoding = 4; lastKnownFileType = sourcecode.cpp.cpp; name = Event.cpp; path = Core/Engine/Event.cpp; sourceTree = "<group>"; };
		AB6398D21C8CE49500CA0B3B /* GLFWInputHandler.cpp */ = {isa = PBXFileReference; fileEncoding = 4; lastKnownFileType = sourcecode.cpp.cpp; name = GLFWInputHandler.cpp; path = Core/Engine/GLFWInputHandler.cpp; sourceTree = "<group>"; };
		AB6398D31C8CE49500CA0B3B /* Material.cpp */ = {isa = PBXFileReference; fileEncoding = 4; lastKnownFileType = sourcecode.cpp.cpp; name = Material.cpp; path = Core/Engine/Material.cpp; sourceTree = "<group>"; };
		AB6398D41C8CE49500CA0B3B /* Mesh.cpp */ = {isa = PBXFileReference; fileEncoding = 4; lastKnownFileType = sourcecode.cpp.cpp; name = Mesh.cpp; path = Core/Engine/Mesh.cpp; sourceTree = "<group>"; };
		AB6398D51C8CE49500CA0B3B /* Node.cpp */ = {isa = PBXFileReference; fileEncoding = 4; lastKnownFileType = sourcecode.cpp.cpp; name = Node.cpp; path = Core/Engine/Node.cpp; sourceTree = "<group>"; };
		AB6398D61C8CE49500CA0B3B /* Renderer.cpp */ = {isa = PBXFileReference; fileEncoding = 4; lastKnownFileType = sourcecode.cpp.cpp; name = Renderer.cpp; path = Core/Engine/Renderer.cpp; sourceTree = "<group>"; };
		AB6398D71C8CE49500CA0B3B /* Shader.cpp */ = {isa = PBXFileReference; fileEncoding = 4; lastKnownFileType = sourcecode.cpp.cpp; name = Shader.cpp; path = Core/Engine/Shader.cpp; sourceTree = "<group>"; };
		AB6398D81C8CE49500CA0B3B /* Texture.cpp */ = {isa = PBXFileReference; fileEncoding = 4; lastKnownFileType = sourcecode.cpp.cpp; name = Texture.cpp; path = Core/Engine/Texture.cpp; sourceTree = "<group>"; };
		AB6398D91C8CE49500CA0B3B /* Window.cpp */ = {isa = PBXFileReference; fileEncoding = 4; lastKnownFileType = sourcecode.cpp.cpp; name = Window.cpp; path = Core/Engine/Window.cpp; sourceTree = "<group>"; };
		AB717A2F1C6A94E0008ACF83 /* Log.hpp */ = {isa = PBXFileReference; fileEncoding = 4; lastKnownFileType = sourcecode.cpp.h; name = Log.hpp; path = Headers/Core/Log/Log.hpp; sourceTree = "<group>"; };
/* End PBXFileReference section */

/* Begin PBXFrameworksBuildPhase section */
		92677A761C5665F900899024 /* Frameworks */ = {
			isa = PBXFrameworksBuildPhase;
			buildActionMask = 2147483647;
			files = (
				3AC1547B1C85994500FBE71C /* libz.1.2.5.dylib in Frameworks */,
				9C470C291C7F849F00558755 /* libz.1.2.5.tbd in Frameworks */,
				3A7AA0B21C577E9F00C45A2A /* OpenGL.framework in Frameworks */,
			);
			runOnlyForDeploymentPostprocessing = 0;
		};
		9CCB2FA31C82F92D0066C313 /* Frameworks */ = {
			isa = PBXFrameworksBuildPhase;
			buildActionMask = 2147483647;
			files = (
				9C80753F1CA1D5520052086F /* libz.1.2.5.tbd in Frameworks */,
				9C777FC11C84E2BF005C48A5 /* OpenGL.framework in Frameworks */,
				9CCB2FB01C82F96C0066C313 /* gmock.framework in Frameworks */,
				9CCB2FAF1C82F95E0066C313 /* gtest.framework in Frameworks */,
			);
			runOnlyForDeploymentPostprocessing = 0;
		};
/* End PBXFrameworksBuildPhase section */

/* Begin PBXGroup section */
		92677A701C5665F900899024 = {
			isa = PBXGroup;
			children = (
				3AC1547A1C85994500FBE71C /* libz.1.2.5.dylib */,
				9C470C281C7F849F00558755 /* libz.1.2.5.tbd */,
				9CCB2F9F1C82F8790066C313 /* gmock.framework */,
				9CCB2F9D1C82F7FE0066C313 /* gtest.framework */,
				3A7AA0B11C577E9F00C45A2A /* OpenGL.framework */,
				92E345341C638C9700308A63 /* Headers */,
				92677A7B1C5665F900899024 /* Dominus */,
				9CCB2FA71C82F92D0066C313 /* UnitTest */,
				92677A7A1C5665F900899024 /* Products */,
				9CCB2FA11C82F8F00066C313 /* Tests */,
				9C922E851C975F9D00D66C8F /* assets */,
			);
			sourceTree = "<group>";
		};
		92677A7A1C5665F900899024 /* Products */ = {
			isa = PBXGroup;
			children = (
				92677A791C5665F900899024 /* Dominus */,
				9CCB2FA61C82F92D0066C313 /* UnitTest */,
			);
			name = Products;
			sourceTree = "<group>";
		};
		92677A7B1C5665F900899024 /* Dominus */ = {
			isa = PBXGroup;
			children = (
				92E345371C638E0100308A63 /* Core */,
				92677A7C1C5665F900899024 /* main.cpp */,
			);
			path = Dominus;
			sourceTree = "<group>";
		};
		92E345341C638C9700308A63 /* Headers */ = {
			isa = PBXGroup;
			children = (
				92E345351C638CA100308A63 /* Core */,
			);
			name = Headers;
			sourceTree = "<group>";
		};
		92E345351C638CA100308A63 /* Core */ = {
			isa = PBXGroup;
			children = (
				9C7D08091C9EBFDE00804DF1 /* UI */,
				9C500C701C72873600D7C60D /* Scenes */,
				9CDB795E1C6A69890023C7A5 /* Engine */,
				92E345361C638CA700308A63 /* Log */,
			);
			name = Core;
			sourceTree = "<group>";
		};
		92E345361C638CA700308A63 /* Log */ = {
			isa = PBXGroup;
			children = (
				AB717A2F1C6A94E0008ACF83 /* Log.hpp */,
				92E3453C1C6393D200308A63 /* Logger.hpp */,
				92E3453F1C64CCE700308A63 /* LoggerTerminal.hpp */,
				AB628D511C67796A00929E54 /* LoggerFile.hpp */,
			);
			name = Log;
			sourceTree = "<group>";
		};
		92E345371C638E0100308A63 /* Core */ = {
			isa = PBXGroup;
			children = (
				9C7D080A1C9EBFE600804DF1 /* UI */,
				9C500C711C72876100D7C60D /* Scenes */,
				9CDB79621C6A69AF0023C7A5 /* Engine */,
				92E345381C638E0C00308A63 /* Log */,
			);
			name = Core;
			sourceTree = "<group>";
		};
		92E345381C638E0C00308A63 /* Log */ = {
			isa = PBXGroup;
			children = (
				92E345401C64E04A00308A63 /* Log.cpp */,
			);
			name = Log;
			sourceTree = "<group>";
		};
		9C500C701C72873600D7C60D /* Scenes */ = {
			isa = PBXGroup;
			children = (
				AB6398B91C8CE42300CA0B3B /* GameScene.h */,
				AB6398BA1C8CE42300CA0B3B /* RenderScene.h */,
			);
			name = Scenes;
			sourceTree = "<group>";
		};
		9C500C711C72876100D7C60D /* Scenes */ = {
			isa = PBXGroup;
			children = (
				AB6398C91C8CE48400CA0B3B /* GameScene.cpp */,
				AB6398CA1C8CE48400CA0B3B /* RenderScene.cpp */,
				AB6398CB1C8CE48400CA0B3B /* Scene.cpp */,
			);
			name = Scenes;
			sourceTree = "<group>";
		};
		9C7D08091C9EBFDE00804DF1 /* UI */ = {
			isa = PBXGroup;
			children = (
				9C7D081A1C9EC06600804DF1 /* Button.h */,
				9C7D08371C9EC5FB00804DF1 /* HorizontalLayout.h */,
				9C7D08391C9EC61500804DF1 /* Layout.h */,
				9C7D08381C9EC5FB00804DF1 /* VerticalLayout.h */,
				9C7D081B1C9EC06600804DF1 /* Frame.h */,
				9C7D081D1C9EC06600804DF1 /* OnItemClickedListener.h */,
				9C7D081E1C9EC06600804DF1 /* Params.h */,
				9C7D081F1C9EC06600804DF1 /* Text.h */,
				9C7D08201C9EC06600804DF1 /* TextList.h */,
				9C7D08211C9EC06600804DF1 /* UIComponent.h */,
			);
			name = UI;
			sourceTree = "<group>";
		};
		9C7D080A1C9EBFE600804DF1 /* UI */ = {
			isa = PBXGroup;
			children = (
				9C7D083A1C9EC63A00804DF1 /* Layout.cpp */,
				9C7D08311C9EC57600804DF1 /* HorizontalLayout.cpp */,
				9C7D08321C9EC57600804DF1 /* VerticalLayout.cpp */,
				9C7D08221C9EC0C500804DF1 /* Button.cpp */,
				9C7D08241C9EC0C500804DF1 /* Text.cpp */,
				9C7D08251C9EC0C500804DF1 /* TextList.cpp */,
				9C7D08261C9EC0C500804DF1 /* UIComponent.cpp */,
			);
			name = UI;
			sourceTree = "<group>";
		};
		9CCB2FA11C82F8F00066C313 /* Tests */ = {
			isa = PBXGroup;
			children = (
				9CCB2FB31C82FFA60066C313 /* main.cpp */,
			);
			name = Tests;
			sourceTree = "<group>";
		};
		9CCB2FA71C82F92D0066C313 /* UnitTest */ = {
			isa = PBXGroup;
			children = (
				9CCB2FA81C82F92D0066C313 /* main.cpp */,
				9C8075291CA1D1C80052086F /* HorizontalLayoutTest.cpp */,
				9C80752A1CA1D1C80052086F /* LayoutTest.cpp */,
				9C80752B1CA1D1C80052086F /* UIComponentTest.cpp */,
				9C80752C1CA1D1C80052086F /* VerticalLayoutTest.cpp */,
				9C8075561CA31ED60052086F /* BufferTest.cpp */,
				9C222D561CA49071003C1DC5 /* MockGPUBuffer.h */,
			);
			path = UnitTest;
			sourceTree = "<group>";
		};
		9CDB795E1C6A69890023C7A5 /* Engine */ = {
			isa = PBXGroup;
			children = (
				AB6398BB1C8CE43400CA0B3B /* Camera.h */,
				AB6398BC1C8CE43400CA0B3B /* Engine.h */,
				AB6398BD1C8CE43400CA0B3B /* Event.h */,
				AB6398BE1C8CE43400CA0B3B /* GLFWInputHandler.h */,
				AB6398BF1C8CE43400CA0B3B /* INode.h */,
				AB6398C01C8CE43400CA0B3B /* InputHandler.h */,
				AB6398C11C8CE43400CA0B3B /* Material.hpp */,
				AB6398C21C8CE43400CA0B3B /* Mesh.hpp */,
				AB6398C31C8CE43400CA0B3B /* Node.hpp */,
				AB6398C41C8CE43400CA0B3B /* Renderer.h */,
				AB6398C51C8CE43400CA0B3B /* Scene.h */,
				AB6398C61C8CE43400CA0B3B /* Shader.h */,
				AB6398C71C8CE43400CA0B3B /* Texture.h */,
				AB6398C81C8CE43400CA0B3B /* Window.h */,
				9C8075491CA1FC370052086F /* LightNode.h */,
				9C8075501CA313250052086F /* Buffer.h */,
				9C222D541CA47500003C1DC5 /* GpuBuffer.h */,
				9C222D571CA49198003C1DC5 /* GLGpuBuffer.h */,
				9CB320091CA724370058482C /* TextureLoader.h */,
				9CB3200A1CA725C10058482C /* PngTextureLoader.h */,
				9CB3200E1CA727A40058482C /* Exception.h */,
				9CB3200F1CA735700058482C /* GpuTexture.h */,
				9CB320101CA735C50058482C /* GLGpuTexture.h */,
			);
			name = Engine;
			sourceTree = "<group>";
		};
		9CDB79621C6A69AF0023C7A5 /* Engine */ = {
			isa = PBXGroup;
			children = (
				AB6398CF1C8CE49500CA0B3B /* Camera.cpp */,
				AB6398D01C8CE49500CA0B3B /* Engine.cpp */,
				AB6398D11C8CE49500CA0B3B /* Event.cpp */,
				AB6398D21C8CE49500CA0B3B /* GLFWInputHandler.cpp */,
				AB6398D31C8CE49500CA0B3B /* Material.cpp */,
				AB6398D41C8CE49500CA0B3B /* Mesh.cpp */,
				AB6398D51C8CE49500CA0B3B /* Node.cpp */,
				AB6398D61C8CE49500CA0B3B /* Renderer.cpp */,
				AB6398D71C8CE49500CA0B3B /* Shader.cpp */,
				AB6398D81C8CE49500CA0B3B /* Texture.cpp */,
				AB6398D91C8CE49500CA0B3B /* Window.cpp */,
				9C80754A1CA1FC5D0052086F /* LightNode.cpp */,
				9C80754D1CA313130052086F /* Buffer.cpp */,
				9C222D581CA491C7003C1DC5 /* GLGpuBuffer.cpp */,
				9CB3200B1CA725D90058482C /* PngTextureLoader.cpp */,
				9CB320111CA735E00058482C /* GLGpuTexture.cpp */,
			);
			name = Engine;
			sourceTree = "<group>";
		};
/* End PBXGroup section */

/* Begin PBXNativeTarget section */
		92677A781C5665F900899024 /* Dominus */ = {
			isa = PBXNativeTarget;
			buildConfigurationList = 92677A801C5665F900899024 /* Build configuration list for PBXNativeTarget "Dominus" */;
			buildPhases = (
				92677A751C5665F900899024 /* Sources */,
				92677A761C5665F900899024 /* Frameworks */,
				92677A771C5665F900899024 /* CopyFiles */,
			);
			buildRules = (
			);
			dependencies = (
			);
			name = Dominus;
			productName = Dominus;
			productReference = 92677A791C5665F900899024 /* Dominus */;
			productType = "com.apple.product-type.tool";
		};
		9CCB2FA51C82F92D0066C313 /* UnitTest */ = {
			isa = PBXNativeTarget;
			buildConfigurationList = 9CCB2FAA1C82F92D0066C313 /* Build configuration list for PBXNativeTarget "UnitTest" */;
			buildPhases = (
				9CCB2FA21C82F92D0066C313 /* Sources */,
				9CCB2FA31C82F92D0066C313 /* Frameworks */,
				9CCB2FA41C82F92D0066C313 /* CopyFiles */,
			);
			buildRules = (
			);
			dependencies = (
			);
			name = UnitTest;
			productName = UnitTest;
			productReference = 9CCB2FA61C82F92D0066C313 /* UnitTest */;
			productType = "com.apple.product-type.tool";
		};
/* End PBXNativeTarget section */

/* Begin PBXProject section */
		92677A711C5665F900899024 /* Project object */ = {
			isa = PBXProject;
			attributes = {
				LastUpgradeCheck = 0710;
				ORGANIZATIONNAME = frikazos;
				TargetAttributes = {
					92677A781C5665F900899024 = {
						CreatedOnToolsVersion = 7.1;
					};
					9CCB2FA51C82F92D0066C313 = {
						CreatedOnToolsVersion = 7.0.1;
					};
				};
			};
			buildConfigurationList = 92677A741C5665F900899024 /* Build configuration list for PBXProject "Dominus" */;
			compatibilityVersion = "Xcode 3.2";
			developmentRegion = English;
			hasScannedForEncodings = 0;
			knownRegions = (
				en,
			);
			mainGroup = 92677A701C5665F900899024;
			productRefGroup = 92677A7A1C5665F900899024 /* Products */;
			projectDirPath = "";
			projectRoot = "";
			targets = (
				92677A781C5665F900899024 /* Dominus */,
				9CCB2FA51C82F92D0066C313 /* UnitTest */,
			);
		};
/* End PBXProject section */

/* Begin PBXSourcesBuildPhase section */
		92677A751C5665F900899024 /* Sources */ = {
			isa = PBXSourcesBuildPhase;
			buildActionMask = 2147483647;
			files = (
				92E3453E1C639EAC00308A63 /* Logger.hpp in Sources */,
				AB6398DB1C8CE49500CA0B3B /* Engine.cpp in Sources */,
				AB6398CE1C8CE48400CA0B3B /* Scene.cpp in Sources */,
				AB6398DC1C8CE49500CA0B3B /* Event.cpp in Sources */,
				9C80754B1CA1FC5D0052086F /* LightNode.cpp in Sources */,
				AB6398E21C8CE49500CA0B3B /* Shader.cpp in Sources */,
				9C7D08331C9EC57600804DF1 /* HorizontalLayout.cpp in Sources */,
				9CB320121CA735E00058482C /* GLGpuTexture.cpp in Sources */,
				AB6398E11C8CE49500CA0B3B /* Renderer.cpp in Sources */,
				9C7D08351C9EC57600804DF1 /* VerticalLayout.cpp in Sources */,
				AB6398DE1C8CE49500CA0B3B /* Material.cpp in Sources */,
				9C7D083B1C9EC63A00804DF1 /* Layout.cpp in Sources */,
				AB6398DA1C8CE49500CA0B3B /* Camera.cpp in Sources */,
				9C222D591CA491C7003C1DC5 /* GLGpuBuffer.cpp in Sources */,
				AB6398DF1C8CE49500CA0B3B /* Mesh.cpp in Sources */,
				AB6398DD1C8CE49500CA0B3B /* GLFWInputHandler.cpp in Sources */,
				92E345411C64E04A00308A63 /* Log.cpp in Sources */,
				AB6398E01C8CE49500CA0B3B /* Node.cpp in Sources */,
				92677A7D1C5665F900899024 /* main.cpp in Sources */,
				AB6398E31C8CE49500CA0B3B /* Texture.cpp in Sources */,
				9C7D082F1C9EC0C500804DF1 /* UIComponent.cpp in Sources */,
				AB6398E41C8CE49500CA0B3B /* Window.cpp in Sources */,
				9C7D08271C9EC0C500804DF1 /* Button.cpp in Sources */,
				9CB3200C1CA725D90058482C /* PngTextureLoader.cpp in Sources */,
				9C7D082D1C9EC0C500804DF1 /* TextList.cpp in Sources */,
				9C7D082B1C9EC0C500804DF1 /* Text.cpp in Sources */,
				9C80754E1CA313130052086F /* Buffer.cpp in Sources */,
				AB6398CC1C8CE48400CA0B3B /* GameScene.cpp in Sources */,
				AB6398CD1C8CE48400CA0B3B /* RenderScene.cpp in Sources */,
			);
			runOnlyForDeploymentPostprocessing = 0;
		};
		9CCB2FA21C82F92D0066C313 /* Sources */ = {
			isa = PBXSourcesBuildPhase;
			buildActionMask = 2147483647;
			files = (
				9C8075441CA1D6A70052086F /* Scene.cpp in Sources */,
				9C8075451CA1D6A70052086F /* Node.cpp in Sources */,
				9C8075461CA1D6A70052086F /* Shader.cpp in Sources */,
				9C8075471CA1D6A70052086F /* Window.cpp in Sources */,
				9C8075481CA1D6A70052086F /* Log.cpp in Sources */,
				9C222D5A1CA491C7003C1DC5 /* GLGpuBuffer.cpp in Sources */,
				9C80754C1CA1FC5D0052086F /* LightNode.cpp in Sources */,
				9C8075431CA1D68B0052086F /* Renderer.cpp in Sources */,
				9C8075421CA1D6730052086F /* Event.cpp in Sources */,
				9CB320131CA735E00058482C /* GLGpuTexture.cpp in Sources */,
				9C8075401CA1D6510052086F /* Material.cpp in Sources */,
				9C8075411CA1D6510052086F /* Mesh.cpp in Sources */,
				9C8075571CA31ED60052086F /* BufferTest.cpp in Sources */,
				9C80753D1CA1D1DF0052086F /* Texture.cpp in Sources */,
				9C7D083C1C9EC63A00804DF1 /* Layout.cpp in Sources */,
				9C80752F1CA1D1C80052086F /* UIComponentTest.cpp in Sources */,
				9C80754F1CA313130052086F /* Buffer.cpp in Sources */,
				9C8075301CA1D1C80052086F /* VerticalLayoutTest.cpp in Sources */,
				9CB3200D1CA725D90058482C /* PngTextureLoader.cpp in Sources */,
				9C7D082E1C9EC0C500804DF1 /* TextList.cpp in Sources */,
				9CCB2FA91C82F92D0066C313 /* main.cpp in Sources */,
				9C7D08361C9EC57600804DF1 /* VerticalLayout.cpp in Sources */,
				9C7D08341C9EC57600804DF1 /* HorizontalLayout.cpp in Sources */,
				9C7D08301C9EC0C500804DF1 /* UIComponent.cpp in Sources */,
				9C80752E1CA1D1C80052086F /* LayoutTest.cpp in Sources */,
				9C80752D1CA1D1C80052086F /* HorizontalLayoutTest.cpp in Sources */,
				9C7D08281C9EC0C500804DF1 /* Button.cpp in Sources */,
				9C7D082C1C9EC0C500804DF1 /* Text.cpp in Sources */,
			);
			runOnlyForDeploymentPostprocessing = 0;
		};
/* End PBXSourcesBuildPhase section */

/* Begin XCBuildConfiguration section */
		92677A7E1C5665F900899024 /* Debug */ = {
			isa = XCBuildConfiguration;
			buildSettings = {
				ALWAYS_SEARCH_USER_PATHS = NO;
				CLANG_CXX_LANGUAGE_STANDARD = "gnu++0x";
				CLANG_CXX_LIBRARY = "libc++";
				CLANG_ENABLE_MODULES = YES;
				CLANG_ENABLE_OBJC_ARC = YES;
				CLANG_WARN_BOOL_CONVERSION = YES;
				CLANG_WARN_CONSTANT_CONVERSION = YES;
				CLANG_WARN_DIRECT_OBJC_ISA_USAGE = YES_ERROR;
				CLANG_WARN_EMPTY_BODY = YES;
				CLANG_WARN_ENUM_CONVERSION = YES;
				CLANG_WARN_INT_CONVERSION = YES;
				CLANG_WARN_OBJC_ROOT_CLASS = YES_ERROR;
				CLANG_WARN_UNREACHABLE_CODE = YES;
				CLANG_WARN__DUPLICATE_METHOD_MATCH = YES;
				CODE_SIGN_IDENTITY = "-";
				COPY_PHASE_STRIP = NO;
				DEBUG_INFORMATION_FORMAT = dwarf;
				ENABLE_STRICT_OBJC_MSGSEND = YES;
				ENABLE_TESTABILITY = YES;
				GCC_C_LANGUAGE_STANDARD = gnu99;
				GCC_DYNAMIC_NO_PIC = NO;
				GCC_NO_COMMON_BLOCKS = YES;
				GCC_OPTIMIZATION_LEVEL = 0;
				GCC_PREPROCESSOR_DEFINITIONS = (
					"DEBUG=1",
					"$(inherited)",
				);
				GCC_WARN_64_TO_32_BIT_CONVERSION = YES;
				GCC_WARN_ABOUT_RETURN_TYPE = YES_ERROR;
				GCC_WARN_UNDECLARED_SELECTOR = YES;
				GCC_WARN_UNINITIALIZED_AUTOS = YES_AGGRESSIVE;
				GCC_WARN_UNUSED_FUNCTION = YES;
				GCC_WARN_UNUSED_VARIABLE = YES;
				MACOSX_DEPLOYMENT_TARGET = 10.10;
				MTL_ENABLE_DEBUG_INFO = YES;
				ONLY_ACTIVE_ARCH = YES;
				SDKROOT = macosx;
			};
			name = Debug;
		};
		92677A7F1C5665F900899024 /* Release */ = {
			isa = XCBuildConfiguration;
			buildSettings = {
				ALWAYS_SEARCH_USER_PATHS = NO;
				CLANG_CXX_LANGUAGE_STANDARD = "gnu++0x";
				CLANG_CXX_LIBRARY = "libc++";
				CLANG_ENABLE_MODULES = YES;
				CLANG_ENABLE_OBJC_ARC = YES;
				CLANG_WARN_BOOL_CONVERSION = YES;
				CLANG_WARN_CONSTANT_CONVERSION = YES;
				CLANG_WARN_DIRECT_OBJC_ISA_USAGE = YES_ERROR;
				CLANG_WARN_EMPTY_BODY = YES;
				CLANG_WARN_ENUM_CONVERSION = YES;
				CLANG_WARN_INT_CONVERSION = YES;
				CLANG_WARN_OBJC_ROOT_CLASS = YES_ERROR;
				CLANG_WARN_UNREACHABLE_CODE = YES;
				CLANG_WARN__DUPLICATE_METHOD_MATCH = YES;
				CODE_SIGN_IDENTITY = "-";
				COPY_PHASE_STRIP = NO;
				DEBUG_INFORMATION_FORMAT = "dwarf-with-dsym";
				ENABLE_NS_ASSERTIONS = NO;
				ENABLE_STRICT_OBJC_MSGSEND = YES;
				GCC_C_LANGUAGE_STANDARD = gnu99;
				GCC_NO_COMMON_BLOCKS = YES;
				GCC_WARN_64_TO_32_BIT_CONVERSION = YES;
				GCC_WARN_ABOUT_RETURN_TYPE = YES_ERROR;
				GCC_WARN_UNDECLARED_SELECTOR = YES;
				GCC_WARN_UNINITIALIZED_AUTOS = YES_AGGRESSIVE;
				GCC_WARN_UNUSED_FUNCTION = YES;
				GCC_WARN_UNUSED_VARIABLE = YES;
				MACOSX_DEPLOYMENT_TARGET = 10.10;
				MTL_ENABLE_DEBUG_INFO = NO;
				SDKROOT = macosx;
			};
			name = Release;
		};
		92677A811C5665F900899024 /* Debug */ = {
			isa = XCBuildConfiguration;
			buildSettings = {
				ALWAYS_SEARCH_USER_PATHS = YES;
				FRAMEWORK_SEARCH_PATHS = (
					"$(inherited)",
					"$(LOCAL_LIBRARY_DIR)/Frameworks",
				);
				HEADER_SEARCH_PATHS = (
					"$(inherited)",
					/Applications/Xcode.app/Contents/Developer/Toolchains/XcodeDefault.xctoolchain/usr/include,
					/usr/local/include,
				);
				LIBRARY_SEARCH_PATHS = /usr/local/lib;
				OTHER_LDFLAGS = (
					"-lglfw3",
					"-lpng",
				);
				PRODUCT_NAME = "$(TARGET_NAME)";
			};
			name = Debug;
		};
		92677A821C5665F900899024 /* Release */ = {
			isa = XCBuildConfiguration;
			buildSettings = {
				ALWAYS_SEARCH_USER_PATHS = YES;
				FRAMEWORK_SEARCH_PATHS = (
					"$(inherited)",
					"$(LOCAL_LIBRARY_DIR)/Frameworks",
				);
				HEADER_SEARCH_PATHS = (
					"$(inherited)",
					/Applications/Xcode.app/Contents/Developer/Toolchains/XcodeDefault.xctoolchain/usr/include,
					/usr/local/include,
				);
				LIBRARY_SEARCH_PATHS = /usr/local/lib;
				OTHER_LDFLAGS = (
					"-lglfw3",
					"-lpng",
				);
				PRODUCT_NAME = "$(TARGET_NAME)";
			};
			name = Release;
		};
		9CCB2FAB1C82F92D0066C313 /* Debug */ = {
			isa = XCBuildConfiguration;
			buildSettings = {
				FRAMEWORK_SEARCH_PATHS = (
					"$(inherited)",
					"$(LOCAL_LIBRARY_DIR)/Frameworks",
				);
				HEADER_SEARCH_PATHS = /usr/local/include;
				LIBRARY_SEARCH_PATHS = /usr/local/lib;
				MACOSX_DEPLOYMENT_TARGET = 10.11;
				OTHER_LDFLAGS = (
					"-lpng",
					"-lglfw3",
				);
				PRODUCT_NAME = "$(TARGET_NAME)";
			};
			name = Debug;
		};
		9CCB2FAC1C82F92D0066C313 /* Release */ = {
			isa = XCBuildConfiguration;
			buildSettings = {
				FRAMEWORK_SEARCH_PATHS = (
					"$(inherited)",
					"$(LOCAL_LIBRARY_DIR)/Frameworks",
				);
				HEADER_SEARCH_PATHS = /usr/local/include;
				LIBRARY_SEARCH_PATHS = /usr/local/lib;
				MACOSX_DEPLOYMENT_TARGET = 10.11;
				OTHER_LDFLAGS = (
					"-lpng",
					"-lglfw3",
				);
				PRODUCT_NAME = "$(TARGET_NAME)";
			};
			name = Release;
		};
/* End XCBuildConfiguration section */

/* Begin XCConfigurationList section */
		92677A741C5665F900899024 /* Build configuration list for PBXProject "Dominus" */ = {
			isa = XCConfigurationList;
			buildConfigurations = (
				92677A7E1C5665F900899024 /* Debug */,
				92677A7F1C5665F900899024 /* Release */,
			);
			defaultConfigurationIsVisible = 0;
			defaultConfigurationName = Release;
		};
		92677A801C5665F900899024 /* Build configuration list for PBXNativeTarget "Dominus" */ = {
			isa = XCConfigurationList;
			buildConfigurations = (
				92677A811C5665F900899024 /* Debug */,
				92677A821C5665F900899024 /* Release */,
			);
			defaultConfigurationIsVisible = 0;
			defaultConfigurationName = Release;
		};
		9CCB2FAA1C82F92D0066C313 /* Build configuration list for PBXNativeTarget "UnitTest" */ = {
			isa = XCConfigurationList;
			buildConfigurations = (
				9CCB2FAB1C82F92D0066C313 /* Debug */,
				9CCB2FAC1C82F92D0066C313 /* Release */,
			);
			defaultConfigurationIsVisible = 0;
			defaultConfigurationName = Release;
		};
/* End XCConfigurationList section */
	};
	rootObject = 92677A711C5665F900899024 /* Project object */;
}
