// !$*UTF8*$!
{
	archiveVersion = 1;
	classes = {
	};
	objectVersion = 46;
	objects = {

/* Begin PBXBuildFile section */
		3A3726061C58FE7100449498 /* Engine.cpp in Sources */ = {isa = PBXBuildFile; fileRef = 3A3726041C58FE7100449498 /* Engine.cpp */; };
		3A3726091C6209E200449498 /* Mesh.cpp in Sources */ = {isa = PBXBuildFile; fileRef = 3A3726071C6209E100449498 /* Mesh.cpp */; };
		3A37260C1C620A5300449498 /* Renderer.cpp in Sources */ = {isa = PBXBuildFile; fileRef = 3A37260A1C620A5300449498 /* Renderer.cpp */; };
		3A7AA0B21C577E9F00C45A2A /* OpenGL.framework in Frameworks */ = {isa = PBXBuildFile; fileRef = 3A7AA0B11C577E9F00C45A2A /* OpenGL.framework */; };
		92677A7D1C5665F900899024 /* main.cpp in Sources */ = {isa = PBXBuildFile; fileRef = 92677A7C1C5665F900899024 /* main.cpp */; };
		92E3453D1C639EAC00308A63 /* Log.hpp in Sources */ = {isa = PBXBuildFile; fileRef = 92E345391C638EAE00308A63 /* Log.hpp */; };
		92E3453E1C639EAC00308A63 /* Logger.hpp in Sources */ = {isa = PBXBuildFile; fileRef = 92E3453C1C6393D200308A63 /* Logger.hpp */; };
		92E345411C64E04A00308A63 /* Log.cpp in Sources */ = {isa = PBXBuildFile; fileRef = 92E345401C64E04A00308A63 /* Log.cpp */; };
		9C500C741C7287E000D7C60D /* RenderScene.cpp in Sources */ = {isa = PBXBuildFile; fileRef = 9C500C731C7287E000D7C60D /* RenderScene.cpp */; settings = {ASSET_TAGS = (); }; };
		9CDB79611C6A69A60023C7A5 /* Node.cpp in Sources */ = {isa = PBXBuildFile; fileRef = 9CDB795F1C6A69A60023C7A5 /* Node.cpp */; settings = {ASSET_TAGS = (); }; };
		9CDB79681C6BC2C30023C7A5 /* Scene.cpp in Sources */ = {isa = PBXBuildFile; fileRef = 9CDB79671C6BC2C30023C7A5 /* Scene.cpp */; settings = {ASSET_TAGS = (); }; };
		9CDB796C1C6D165E0023C7A5 /* Camera.cpp in Sources */ = {isa = PBXBuildFile; fileRef = 9CDB796B1C6D165E0023C7A5 /* Camera.cpp */; settings = {ASSET_TAGS = (); }; };
/* End PBXBuildFile section */

/* Begin PBXCopyFilesBuildPhase section */
		92677A771C5665F900899024 /* CopyFiles */ = {
			isa = PBXCopyFilesBuildPhase;
			buildActionMask = 2147483647;
			dstPath = /usr/share/man/man1/;
			dstSubfolderSpec = 0;
			files = (
			);
			runOnlyForDeploymentPostprocessing = 1;
		};
/* End PBXCopyFilesBuildPhase section */

/* Begin PBXFileReference section */
		3A3726041C58FE7100449498 /* Engine.cpp */ = {isa = PBXFileReference; fileEncoding = 4; lastKnownFileType = sourcecode.cpp.cpp; path = Engine.cpp; sourceTree = "<group>"; };
		3A3726051C58FE7100449498 /* Engine.h */ = {isa = PBXFileReference; fileEncoding = 4; lastKnownFileType = sourcecode.c.h; name = Engine.h; path = Dominus/Engine.h; sourceTree = "<group>"; };
		3A3726071C6209E100449498 /* Mesh.cpp */ = {isa = PBXFileReference; fileEncoding = 4; lastKnownFileType = sourcecode.cpp.cpp; path = Mesh.cpp; sourceTree = "<group>"; };
		3A3726081C6209E100449498 /* Mesh.hpp */ = {isa = PBXFileReference; fileEncoding = 4; lastKnownFileType = sourcecode.cpp.h; name = Mesh.hpp; path = Dominus/Mesh.hpp; sourceTree = "<group>"; };
		3A37260A1C620A5300449498 /* Renderer.cpp */ = {isa = PBXFileReference; fileEncoding = 4; lastKnownFileType = sourcecode.cpp.cpp; path = Renderer.cpp; sourceTree = "<group>"; };
		3A37260B1C620A5300449498 /* Renderer.h */ = {isa = PBXFileReference; fileEncoding = 4; lastKnownFileType = sourcecode.c.h; name = Renderer.h; path = Dominus/Renderer.h; sourceTree = "<group>"; };
		3A7AA0B11C577E9F00C45A2A /* OpenGL.framework */ = {isa = PBXFileReference; lastKnownFileType = wrapper.framework; name = OpenGL.framework; path = System/Library/Frameworks/OpenGL.framework; sourceTree = SDKROOT; };
		92677A791C5665F900899024 /* Dominus */ = {isa = PBXFileReference; explicitFileType = "compiled.mach-o.executable"; includeInIndex = 0; path = Dominus; sourceTree = BUILT_PRODUCTS_DIR; };
		92677A7C1C5665F900899024 /* main.cpp */ = {isa = PBXFileReference; lastKnownFileType = sourcecode.cpp.cpp; path = main.cpp; sourceTree = "<group>"; };
		92E345391C638EAE00308A63 /* Log.hpp */ = {isa = PBXFileReference; lastKnownFileType = sourcecode.cpp.h; path = Log.hpp; sourceTree = "<group>"; };
		92E3453C1C6393D200308A63 /* Logger.hpp */ = {isa = PBXFileReference; lastKnownFileType = sourcecode.cpp.h; name = Logger.hpp; path = Headers/Core/Log/Logger.hpp; sourceTree = "<group>"; };
		92E3453F1C64CCE700308A63 /* LoggerTerminal.hpp */ = {isa = PBXFileReference; fileEncoding = 4; lastKnownFileType = sourcecode.cpp.h; name = LoggerTerminal.hpp; path = Headers/Core/Log/LoggerTerminal.hpp; sourceTree = "<group>"; };
		92E345401C64E04A00308A63 /* Log.cpp */ = {isa = PBXFileReference; fileEncoding = 4; lastKnownFileType = sourcecode.cpp.cpp; name = Log.cpp; path = Core/Log/Log.cpp; sourceTree = "<group>"; };
		9C500C721C7287CE00D7C60D /* RenderScene.h */ = {isa = PBXFileReference; lastKnownFileType = sourcecode.c.h; name = RenderScene.h; path = Headers/Scenes/RenderScene.h; sourceTree = "<group>"; };
		9C500C731C7287E000D7C60D /* RenderScene.cpp */ = {isa = PBXFileReference; fileEncoding = 4; lastKnownFileType = sourcecode.cpp.cpp; name = RenderScene.cpp; path = Scenes/RenderScene.cpp; sourceTree = "<group>"; };
		9CDB795F1C6A69A60023C7A5 /* Node.cpp */ = {isa = PBXFileReference; fileEncoding = 4; lastKnownFileType = sourcecode.cpp.cpp; name = Node.cpp; path = Engine/Node.cpp; sourceTree = "<group>"; };
		9CDB79631C6A6A150023C7A5 /* Node.hpp */ = {isa = PBXFileReference; lastKnownFileType = sourcecode.cpp.h; name = Node.hpp; path = Headers/Engine/Node.hpp; sourceTree = SOURCE_ROOT; };
		9CDB79651C6BC2280023C7A5 /* INode.h */ = {isa = PBXFileReference; lastKnownFileType = sourcecode.c.h; name = INode.h; path = Headers/Engine/INode.h; sourceTree = "<group>"; };
		9CDB79661C6BC2B20023C7A5 /* Scene.h */ = {isa = PBXFileReference; lastKnownFileType = sourcecode.c.h; name = Scene.h; path = Headers/Engine/Scene.h; sourceTree = "<group>"; };
		9CDB79671C6BC2C30023C7A5 /* Scene.cpp */ = {isa = PBXFileReference; fileEncoding = 4; lastKnownFileType = sourcecode.cpp.cpp; path = Scene.cpp; sourceTree = "<group>"; };
		9CDB79691C6BC5100023C7A5 /* InputHandler.h */ = {isa = PBXFileReference; lastKnownFileType = sourcecode.c.h; path = InputHandler.h; sourceTree = "<group>"; };
		9CDB796A1C6D15F20023C7A5 /* Camera.h */ = {isa = PBXFileReference; lastKnownFileType = sourcecode.c.h; path = Camera.h; sourceTree = "<group>"; };
		9CDB796B1C6D165E0023C7A5 /* Camera.cpp */ = {isa = PBXFileReference; fileEncoding = 4; lastKnownFileType = sourcecode.cpp.cpp; name = Camera.cpp; path = Engine/Camera.cpp; sourceTree = "<group>"; };
/* End PBXFileReference section */

/* Begin PBXFrameworksBuildPhase section */
		92677A761C5665F900899024 /* Frameworks */ = {
			isa = PBXFrameworksBuildPhase;
			buildActionMask = 2147483647;
			files = (
				3A7AA0B21C577E9F00C45A2A /* OpenGL.framework in Frameworks */,
			);
			runOnlyForDeploymentPostprocessing = 0;
		};
/* End PBXFrameworksBuildPhase section */

/* Begin PBXGroup section */
		92677A701C5665F900899024 = {
			isa = PBXGroup;
			children = (
				92E345341C638C9700308A63 /* Headers */,
				3A7AA0B11C577E9F00C45A2A /* OpenGL.framework */,
				92677A7B1C5665F900899024 /* Dominus */,
				92677A7A1C5665F900899024 /* Products */,
			);
			sourceTree = "<group>";
		};
		92677A7A1C5665F900899024 /* Products */ = {
			isa = PBXGroup;
			children = (
				92677A791C5665F900899024 /* Dominus */,
			);
			name = Products;
			sourceTree = "<group>";
		};
		92677A7B1C5665F900899024 /* Dominus */ = {
			isa = PBXGroup;
			children = (
				92E345371C638E0100308A63 /* Core */,
				92677A7C1C5665F900899024 /* main.cpp */,
			);
			path = Dominus;
			sourceTree = "<group>";
		};
		92E345341C638C9700308A63 /* Headers */ = {
			isa = PBXGroup;
			children = (
				92E345351C638CA100308A63 /* Core */,
			);
			name = Headers;
			sourceTree = "<group>";
		};
		92E345351C638CA100308A63 /* Core */ = {
			isa = PBXGroup;
			children = (
				9C500C701C72873600D7C60D /* Scenes */,
				9CDB795E1C6A69890023C7A5 /* Engine */,
				92E345361C638CA700308A63 /* Log */,
			);
			name = Core;
			sourceTree = "<group>";
		};
		92E345361C638CA700308A63 /* Log */ = {
			isa = PBXGroup;
			children = (
				92E345391C638EAE00308A63 /* Log.hpp */,
				92E3453C1C6393D200308A63 /* Logger.hpp */,
				92E3453F1C64CCE700308A63 /* LoggerTerminal.hpp */,
			);
			name = Log;
			sourceTree = "<group>";
		};
		92E345371C638E0100308A63 /* Core */ = {
			isa = PBXGroup;
			children = (
				9C500C711C72876100D7C60D /* Scenes */,
				9CDB79621C6A69AF0023C7A5 /* Engine */,
				92E345381C638E0C00308A63 /* Log */,
			);
			name = Core;
			sourceTree = "<group>";
		};
		92E345381C638E0C00308A63 /* Log */ = {
			isa = PBXGroup;
			children = (
				92E345401C64E04A00308A63 /* Log.cpp */,
			);
			name = Log;
			sourceTree = "<group>";
		};
		9C500C701C72873600D7C60D /* Scenes */ = {
			isa = PBXGroup;
			children = (
				9C500C721C7287CE00D7C60D /* RenderScene.h */,
			);
			name = Scenes;
			sourceTree = "<group>";
		};
		9C500C711C72876100D7C60D /* Scenes */ = {
			isa = PBXGroup;
			children = (
				9C500C731C7287E000D7C60D /* RenderScene.cpp */,
			);
			name = Scenes;
			sourceTree = "<group>";
		};
		9CDB795E1C6A69890023C7A5 /* Engine */ = {
			isa = PBXGroup;
			children = (
				3A3726051C58FE7100449498 /* Engine.h */,
				3A37260B1C620A5300449498 /* Renderer.h */,
				3A3726081C6209E100449498 /* Mesh.hpp */,
				9CDB79631C6A6A150023C7A5 /* Node.hpp */,
				9CDB79651C6BC2280023C7A5 /* INode.h */,
				9CDB79661C6BC2B20023C7A5 /* Scene.h */,
				9CDB79691C6BC5100023C7A5 /* InputHandler.h */,
				9CDB796A1C6D15F20023C7A5 /* Camera.h */,
			);
			name = Engine;
			sourceTree = "<group>";
		};
		9CDB79621C6A69AF0023C7A5 /* Engine */ = {
			isa = PBXGroup;
			children = (
				3A37260A1C620A5300449498 /* Renderer.cpp */,
				3A3726071C6209E100449498 /* Mesh.cpp */,
				3A3726041C58FE7100449498 /* Engine.cpp */,
				9CDB795F1C6A69A60023C7A5 /* Node.cpp */,
				9CDB79671C6BC2C30023C7A5 /* Scene.cpp */,
				9CDB796B1C6D165E0023C7A5 /* Camera.cpp */,
			);
			name = Engine;
			sourceTree = "<group>";
		};
/* End PBXGroup section */

/* Begin PBXNativeTarget section */
		92677A781C5665F900899024 /* Dominus */ = {
			isa = PBXNativeTarget;
			buildConfigurationList = 92677A801C5665F900899024 /* Build configuration list for PBXNativeTarget "Dominus" */;
			buildPhases = (
				92677A751C5665F900899024 /* Sources */,
				92677A761C5665F900899024 /* Frameworks */,
				92677A771C5665F900899024 /* CopyFiles */,
			);
			buildRules = (
			);
			dependencies = (
			);
			name = Dominus;
			productName = Dominus;
			productReference = 92677A791C5665F900899024 /* Dominus */;
			productType = "com.apple.product-type.tool";
		};
/* End PBXNativeTarget section */

/* Begin PBXProject section */
		92677A711C5665F900899024 /* Project object */ = {
			isa = PBXProject;
			attributes = {
				LastUpgradeCheck = 0710;
				ORGANIZATIONNAME = frikazos;
				TargetAttributes = {
					92677A781C5665F900899024 = {
						CreatedOnToolsVersion = 7.1;
					};
				};
			};
			buildConfigurationList = 92677A741C5665F900899024 /* Build configuration list for PBXProject "Dominus" */;
			compatibilityVersion = "Xcode 3.2";
			developmentRegion = English;
			hasScannedForEncodings = 0;
			knownRegions = (
				en,
			);
			mainGroup = 92677A701C5665F900899024;
			productRefGroup = 92677A7A1C5665F900899024 /* Products */;
			projectDirPath = "";
			projectRoot = "";
			targets = (
				92677A781C5665F900899024 /* Dominus */,
			);
		};
/* End PBXProject section */

/* Begin PBXSourcesBuildPhase section */
		92677A751C5665F900899024 /* Sources */ = {
			isa = PBXSourcesBuildPhase;
			buildActionMask = 2147483647;
			files = (
				92E3453D1C639EAC00308A63 /* Log.hpp in Sources */,
				92E3453E1C639EAC00308A63 /* Logger.hpp in Sources */,
				9CDB796C1C6D165E0023C7A5 /* Camera.cpp in Sources */,
				9C500C741C7287E000D7C60D /* RenderScene.cpp in Sources */,
				92E345411C64E04A00308A63 /* Log.cpp in Sources */,
				3A37260C1C620A5300449498 /* Renderer.cpp in Sources */,
				3A3726091C6209E200449498 /* Mesh.cpp in Sources */,
				92677A7D1C5665F900899024 /* main.cpp in Sources */,
				9CDB79681C6BC2C30023C7A5 /* Scene.cpp in Sources */,
				3A3726061C58FE7100449498 /* Engine.cpp in Sources */,
				9CDB79611C6A69A60023C7A5 /* Node.cpp in Sources */,
			);
			runOnlyForDeploymentPostprocessing = 0;
		};
/* End PBXSourcesBuildPhase section */

/* Begin XCBuildConfiguration section */
		92677A7E1C5665F900899024 /* Debug */ = {
			isa = XCBuildConfiguration;
			buildSettings = {
				ALWAYS_SEARCH_USER_PATHS = NO;
				CLANG_CXX_LANGUAGE_STANDARD = "gnu++0x";
				CLANG_CXX_LIBRARY = "libc++";
				CLANG_ENABLE_MODULES = YES;
				CLANG_ENABLE_OBJC_ARC = YES;
				CLANG_WARN_BOOL_CONVERSION = YES;
				CLANG_WARN_CONSTANT_CONVERSION = YES;
				CLANG_WARN_DIRECT_OBJC_ISA_USAGE = YES_ERROR;
				CLANG_WARN_EMPTY_BODY = YES;
				CLANG_WARN_ENUM_CONVERSION = YES;
				CLANG_WARN_INT_CONVERSION = YES;
				CLANG_WARN_OBJC_ROOT_CLASS = YES_ERROR;
				CLANG_WARN_UNREACHABLE_CODE = YES;
				CLANG_WARN__DUPLICATE_METHOD_MATCH = YES;
				CODE_SIGN_IDENTITY = "-";
				COPY_PHASE_STRIP = NO;
				DEBUG_INFORMATION_FORMAT = dwarf;
				ENABLE_STRICT_OBJC_MSGSEND = YES;
				ENABLE_TESTABILITY = YES;
				GCC_C_LANGUAGE_STANDARD = gnu99;
				GCC_DYNAMIC_NO_PIC = NO;
				GCC_NO_COMMON_BLOCKS = YES;
				GCC_OPTIMIZATION_LEVEL = 0;
				GCC_PREPROCESSOR_DEFINITIONS = (
					"DEBUG=1",
					"$(inherited)",
				);
				GCC_WARN_64_TO_32_BIT_CONVERSION = YES;
				GCC_WARN_ABOUT_RETURN_TYPE = YES_ERROR;
				GCC_WARN_UNDECLARED_SELECTOR = YES;
				GCC_WARN_UNINITIALIZED_AUTOS = YES_AGGRESSIVE;
				GCC_WARN_UNUSED_FUNCTION = YES;
				GCC_WARN_UNUSED_VARIABLE = YES;
				MACOSX_DEPLOYMENT_TARGET = 10.10;
				MTL_ENABLE_DEBUG_INFO = YES;
				ONLY_ACTIVE_ARCH = YES;
				SDKROOT = macosx;
			};
			name = Debug;
		};
		92677A7F1C5665F900899024 /* Release */ = {
			isa = XCBuildConfiguration;
			buildSettings = {
				ALWAYS_SEARCH_USER_PATHS = NO;
				CLANG_CXX_LANGUAGE_STANDARD = "gnu++0x";
				CLANG_CXX_LIBRARY = "libc++";
				CLANG_ENABLE_MODULES = YES;
				CLANG_ENABLE_OBJC_ARC = YES;
				CLANG_WARN_BOOL_CONVERSION = YES;
				CLANG_WARN_CONSTANT_CONVERSION = YES;
				CLANG_WARN_DIRECT_OBJC_ISA_USAGE = YES_ERROR;
				CLANG_WARN_EMPTY_BODY = YES;
				CLANG_WARN_ENUM_CONVERSION = YES;
				CLANG_WARN_INT_CONVERSION = YES;
				CLANG_WARN_OBJC_ROOT_CLASS = YES_ERROR;
				CLANG_WARN_UNREACHABLE_CODE = YES;
				CLANG_WARN__DUPLICATE_METHOD_MATCH = YES;
				CODE_SIGN_IDENTITY = "-";
				COPY_PHASE_STRIP = NO;
				DEBUG_INFORMATION_FORMAT = "dwarf-with-dsym";
				ENABLE_NS_ASSERTIONS = NO;
				ENABLE_STRICT_OBJC_MSGSEND = YES;
				GCC_C_LANGUAGE_STANDARD = gnu99;
				GCC_NO_COMMON_BLOCKS = YES;
				GCC_WARN_64_TO_32_BIT_CONVERSION = YES;
				GCC_WARN_ABOUT_RETURN_TYPE = YES_ERROR;
				GCC_WARN_UNDECLARED_SELECTOR = YES;
				GCC_WARN_UNINITIALIZED_AUTOS = YES_AGGRESSIVE;
				GCC_WARN_UNUSED_FUNCTION = YES;
				GCC_WARN_UNUSED_VARIABLE = YES;
				MACOSX_DEPLOYMENT_TARGET = 10.10;
				MTL_ENABLE_DEBUG_INFO = NO;
				SDKROOT = macosx;
			};
			name = Release;
		};
		92677A811C5665F900899024 /* Debug */ = {
			isa = XCBuildConfiguration;
			buildSettings = {
				ALWAYS_SEARCH_USER_PATHS = YES;
				HEADER_SEARCH_PATHS = (
					"$(inherited)",
					/Applications/Xcode.app/Contents/Developer/Toolchains/XcodeDefault.xctoolchain/usr/include,
					/usr/local/include,
				);
				LIBRARY_SEARCH_PATHS = /usr/local/lib;
				OTHER_LDFLAGS = "-lglfw3";
				PRODUCT_NAME = "$(TARGET_NAME)";
			};
			name = Debug;
		};
		92677A821C5665F900899024 /* Release */ = {
			isa = XCBuildConfiguration;
			buildSettings = {
				ALWAYS_SEARCH_USER_PATHS = YES;
				HEADER_SEARCH_PATHS = (
					"$(inherited)",
					/Applications/Xcode.app/Contents/Developer/Toolchains/XcodeDefault.xctoolchain/usr/include,
					/usr/local/include,
				);
				LIBRARY_SEARCH_PATHS = /usr/local/lib;
				OTHER_LDFLAGS = "-lglfw3";
				PRODUCT_NAME = "$(TARGET_NAME)";
			};
			name = Release;
		};
/* End XCBuildConfiguration section */

/* Begin XCConfigurationList section */
		92677A741C5665F900899024 /* Build configuration list for PBXProject "Dominus" */ = {
			isa = XCConfigurationList;
			buildConfigurations = (
				92677A7E1C5665F900899024 /* Debug */,
				92677A7F1C5665F900899024 /* Release */,
			);
			defaultConfigurationIsVisible = 0;
			defaultConfigurationName = Release;
		};
		92677A801C5665F900899024 /* Build configuration list for PBXNativeTarget "Dominus" */ = {
			isa = XCConfigurationList;
			buildConfigurations = (
				92677A811C5665F900899024 /* Debug */,
				92677A821C5665F900899024 /* Release */,
			);
			defaultConfigurationIsVisible = 0;
			defaultConfigurationName = Release;
		};
/* End XCConfigurationList section */
	};
	rootObject = 92677A711C5665F900899024 /* Project object */;
}
